
Microsoft Visual Studio Solution File, Format Version 12.00
# Visual Studio Version 16
VisualStudioVersion = 16.0.30011.22
MinimumVisualStudioVersion = 10.0.40219.1
Project("{FAE04EC0-301F-11D3-BF4B-00C04F79EFBC}") = "BookStore", "Lap2.1\BookStore.csproj", "{E5882424-8495-4A93-BC4B-0AA32F0A02CC}"
EndProject
Global
	GlobalSection(SolutionConfigurationPlatforms) = preSolution
		Debug|Any CPU = Debug|Any CPU
		Release|Any CPU = Release|Any CPU
	EndGlobalSection
	GlobalSection(ProjectConfigurationPlatforms) = postSolution
		{E5882424-8495-4A93-BC4B-0AA32F0A02CC}.Debug|Any CPU.ActiveCfg = Debug|Any CPU
		{E5882424-8495-4A93-BC4B-0AA32F0A02CC}.Debug|Any CPU.Build.0 = Debug|Any CPU
		{E5882424-8495-4A93-BC4B-0AA32F0A02CC}.Release|Any CPU.ActiveCfg = Release|Any CPU
		{E5882424-8495-4A93-BC4B-0AA32F0A02CC}.Release|Any CPU.Build.0 = Release|Any CPU
	EndGlobalSection
	GlobalSection(SolutionProperties) = preSolution
		HideSolutionNode = FALSE
	EndGlobalSection
	GlobalSection(ExtensibilityGlobals) = postSolution
		SolutionGuid = {A183B7FA-F600-47B1-A7FF-0666731D1FFD}
	EndGlobalSection
EndGlobal
